
Microsoft Visual Studio Solution File, Format Version 12.00
# Visual Studio Version 17
VisualStudioVersion = 17.8.34316.72
MinimumVisualStudioVersion = 10.0.40219.1
Project("{FAE04EC0-301F-11D3-BF4B-00C04F79EFBC}") = "Task_1_HW_03", "Task_1_HW-03\Task_1_HW_03.csproj", "{6EBF7B92-689A-4F89-B31C-AB2711B5F7A8}"
EndProject
Project("{FAE04EC0-301F-11D3-BF4B-00C04F79EFBC}") = "Task_2_HW_03", "Task_2_HW_03\Task_2_HW_03.csproj", "{3FBDA928-34BD-4EB7-B5D1-40237B39CFEE}"
EndProject
Project("{FAE04EC0-301F-11D3-BF4B-00C04F79EFBC}") = "Task_3_HW_03", "Task_3_HW_03\Task_3_HW_03.csproj", "{B35D3AE0-3445-4CEB-B37F-4EBB0481820D}"
EndProject
Project("{FAE04EC0-301F-11D3-BF4B-00C04F79EFBC}") = "Task_4_HW_03", "Task_4_HW_03\Task_4_HW_03.csproj", "{34B1487D-60E9-45A6-AB12-77A6C62023FF}"
EndProject
Global
	GlobalSection(SolutionConfigurationPlatforms) = preSolution
		Debug|Any CPU = Debug|Any CPU
		Release|Any CPU = Release|Any CPU
	EndGlobalSection
	GlobalSection(ProjectConfigurationPlatforms) = postSolution
		{6EBF7B92-689A-4F89-B31C-AB2711B5F7A8}.Debug|Any CPU.ActiveCfg = Debug|Any CPU
		{6EBF7B92-689A-4F89-B31C-AB2711B5F7A8}.Debug|Any CPU.Build.0 = Debug|Any CPU
		{6EBF7B92-689A-4F89-B31C-AB2711B5F7A8}.Release|Any CPU.ActiveCfg = Release|Any CPU
		{6EBF7B92-689A-4F89-B31C-AB2711B5F7A8}.Release|Any CPU.Build.0 = Release|Any CPU
		{3FBDA928-34BD-4EB7-B5D1-40237B39CFEE}.Debug|Any CPU.ActiveCfg = Debug|Any CPU
		{3FBDA928-34BD-4EB7-B5D1-40237B39CFEE}.Debug|Any CPU.Build.0 = Debug|Any CPU
		{3FBDA928-34BD-4EB7-B5D1-40237B39CFEE}.Release|Any CPU.ActiveCfg = Release|Any CPU
		{3FBDA928-34BD-4EB7-B5D1-40237B39CFEE}.Release|Any CPU.Build.0 = Release|Any CPU
		{B35D3AE0-3445-4CEB-B37F-4EBB0481820D}.Debug|Any CPU.ActiveCfg = Debug|Any CPU
		{B35D3AE0-3445-4CEB-B37F-4EBB0481820D}.Debug|Any CPU.Build.0 = Debug|Any CPU
		{B35D3AE0-3445-4CEB-B37F-4EBB0481820D}.Release|Any CPU.ActiveCfg = Release|Any CPU
		{B35D3AE0-3445-4CEB-B37F-4EBB0481820D}.Release|Any CPU.Build.0 = Release|Any CPU
		{34B1487D-60E9-45A6-AB12-77A6C62023FF}.Debug|Any CPU.ActiveCfg = Debug|Any CPU
		{34B1487D-60E9-45A6-AB12-77A6C62023FF}.Debug|Any CPU.Build.0 = Debug|Any CPU
		{34B1487D-60E9-45A6-AB12-77A6C62023FF}.Release|Any CPU.ActiveCfg = Release|Any CPU
		{34B1487D-60E9-45A6-AB12-77A6C62023FF}.Release|Any CPU.Build.0 = Release|Any CPU
	EndGlobalSection
	GlobalSection(SolutionProperties) = preSolution
		HideSolutionNode = FALSE
	EndGlobalSection
	GlobalSection(ExtensibilityGlobals) = postSolution
		SolutionGuid = {92AF63DE-585D-4C10-9FE9-DC0567CDF11C}
	EndGlobalSection
EndGlobal
